<?xml version="1.0" encoding="utf-8"?>
<Project ToolsVersion="4.0" xmlns="http://schemas.microsoft.com/developer/msbuild/2003">
  <ItemGroup>
    <ClCompile Include="game.cpp" />
    <ClCompile Include="surface.cpp">
      <Filter>template code</Filter>
    </ClCompile>
    <ClCompile Include="template.cpp">
      <Filter>template code</Filter>
    </ClCompile>
    <ClCompile Include="Projectile.cpp">
      <Filter>Projectiles</Filter>
    </ClCompile>
    <ClCompile Include="Entity.cpp">
      <Filter>Interfaces</Filter>
    </ClCompile>
    <ClCompile Include="Being.cpp">
      <Filter>Interfaces</Filter>
    </ClCompile>
    <ClCompile Include="Timer.cpp">
      <Filter>Components</Filter>
    </ClCompile>
    <ClCompile Include="Moveable.cpp">
      <Filter>Components</Filter>
    </ClCompile>
    <ClCompile Include="Collider.cpp">
      <Filter>Components</Filter>
    </ClCompile>
    <ClCompile Include="MathFunctions.cpp">
      <Filter>Math</Filter>
    </ClCompile>
    <ClCompile Include="vector.cpp">
      <Filter>DataStructures</Filter>
    </ClCompile>
    <ClCompile Include="FollowCursor.cpp">
      <Filter>Components</Filter>
    </ClCompile>
    <ClCompile Include="CollisionDetection.cpp">
      <Filter>Components</Filter>
    </ClCompile>
    <ClCompile Include="QuickSort.cpp">
      <Filter>Algorithms</Filter>
    </ClCompile>
    <ClCompile Include="MergeSort.cpp">
      <Filter>Algorithms</Filter>
    </ClCompile>
    <ClCompile Include="Button.cpp">
      <Filter>UI</Filter>
    </ClCompile>
    <ClCompile Include="PlayButton.cpp">
      <Filter>UI</Filter>
    </ClCompile>
    <ClCompile Include="ExitButton.cpp">
      <Filter>UI</Filter>
    </ClCompile>
    <ClCompile Include="RandomNumbers.cpp">
      <Filter>Components</Filter>
    </ClCompile>
    <ClCompile Include="MoveablePlayer.cpp">
      <Filter>Player</Filter>
    </ClCompile>
    <ClCompile Include="Player.cpp">
      <Filter>Player</Filter>
    </ClCompile>
    <ClCompile Include="ExplosionBullet.cpp">
      <Filter>Projectiles</Filter>
    </ClCompile>
    <ClCompile Include="EnemySpawner.cpp">
      <Filter>Spawner</Filter>
    </ClCompile>
    <ClCompile Include="Spawner.cpp">
      <Filter>Spawner</Filter>
    </ClCompile>
    <ClCompile Include="ProjectileSpawner.cpp">
      <Filter>Spawner</Filter>
    </ClCompile>
    <ClCompile Include="pool.cpp">
      <Filter>DataStructures</Filter>
    </ClCompile>
    <ClCompile Include="MoveToADirection.cpp">
      <Filter>Components</Filter>
    </ClCompile>
    <ClCompile Include="EnemyHoarder.cpp">
      <Filter>Enemy</Filter>
    </ClCompile>
    <ClCompile Include="Enemy.cpp">
      <Filter>Interfaces</Filter>
    </ClCompile>
    <ClCompile Include="Rotator.cpp">
      <Filter>Components</Filter>
    </ClCompile>
    <ClCompile Include="Tilemap.cpp">
      <Filter>Tilemap</Filter>
    </ClCompile>
    <ClCompile Include="Obstacle.cpp">
      <Filter>Components</Filter>
    </ClCompile>
    <ClCompile Include="MoveInstance.cpp">
      <Filter>Components</Filter>
    </ClCompile>
  </ItemGroup>
  <ItemGroup>
    <ClInclude Include="game.h" />
    <ClInclude Include="surface.h">
      <Filter>template code</Filter>
    </ClInclude>
    <ClInclude Include="template.h">
      <Filter>template code</Filter>
    </ClInclude>
    <ClInclude Include="vector.h">
      <Filter>DataStructures</Filter>
    </ClInclude>
    <ClInclude Include="Updateable.h">
      <Filter>Updating</Filter>
    </ClInclude>
    <ClInclude Include="Renderable.h">
      <Filter>Updating</Filter>
    </ClInclude>
    <ClInclude Include="Projectile.h">
      <Filter>Projectiles</Filter>
    </ClInclude>
    <ClInclude Include="Entity.h">
      <Filter>Interfaces</Filter>
    </ClInclude>
    <ClInclude Include="Callable.h">
      <Filter>Interfaces</Filter>
    </ClInclude>
    <ClInclude Include="Being.h">
      <Filter>Interfaces</Filter>
    </ClInclude>
    <ClInclude Include="RotationVar.h">
      <Filter>Components</Filter>
    </ClInclude>
    <ClInclude Include="Timer.h">
      <Filter>Components</Filter>
    </ClInclude>
    <ClInclude Include="Moveable.h">
      <Filter>Components</Filter>
    </ClInclude>
    <ClInclude Include="Collider.h">
      <Filter>Components</Filter>
    </ClInclude>
    <ClInclude Include="MathFunctions.h">
      <Filter>Math</Filter>
    </ClInclude>
    <ClInclude Include="FollowCursor.h">
      <Filter>Components</Filter>
    </ClInclude>
    <ClInclude Include="PosDir.h">
      <Filter>Components</Filter>
    </ClInclude>
    <ClInclude Include="CollisionDetection.h">
      <Filter>Components</Filter>
    </ClInclude>
    <ClInclude Include="QuickSort.h">
      <Filter>Algorithms</Filter>
    </ClInclude>
    <ClInclude Include="MergeSort.h">
      <Filter>Algorithms</Filter>
    </ClInclude>
    <ClInclude Include="Button.h">
      <Filter>UI</Filter>
    </ClInclude>
    <ClInclude Include="PlayButton.h">
      <Filter>UI</Filter>
    </ClInclude>
    <ClInclude Include="ExitButton.h">
      <Filter>UI</Filter>
    </ClInclude>
    <ClInclude Include="RandomNumbers.h">
      <Filter>Components</Filter>
    </ClInclude>
    <ClInclude Include="MoveablePlayer.h">
      <Filter>Player</Filter>
    </ClInclude>
    <ClInclude Include="Player.h">
      <Filter>Player</Filter>
    </ClInclude>
    <ClInclude Include="ExplosionBullet.h">
      <Filter>Projectiles</Filter>
    </ClInclude>
    <ClInclude Include="EnemySpawner.h">
      <Filter>Spawner</Filter>
    </ClInclude>
    <ClInclude Include="Spawner.h">
      <Filter>Spawner</Filter>
    </ClInclude>
    <ClInclude Include="ProjectileSpawner.h">
      <Filter>Spawner</Filter>
    </ClInclude>
    <ClInclude Include="pool.h">
      <Filter>DataStructures</Filter>
    </ClInclude>
    <ClInclude Include="MoveToADirection.h">
      <Filter>Components</Filter>
    </ClInclude>
    <ClInclude Include="EnemyHoarder.h">
      <Filter>Enemy</Filter>
    </ClInclude>
    <ClInclude Include="Enemy.h">
      <Filter>Interfaces</Filter>
    </ClInclude>
    <ClInclude Include="Rotator.h">
      <Filter>Components</Filter>
    </ClInclude>
    <ClInclude Include="Tilemap.h">
      <Filter>Tilemap</Filter>
    </ClInclude>
    <ClInclude Include="Obstacle.h">
      <Filter>Components</Filter>
    </ClInclude>
    <ClInclude Include="MoveInstance.h">
      <Filter>Components</Filter>
    </ClInclude>
  </ItemGroup>
  <ItemGroup>
    <Filter Include="template code">
      <UniqueIdentifier>{bf32dd6e-4be7-4889-8ac6-49e7ee163c40}</UniqueIdentifier>
    </Filter>
    <Filter Include="DataStructures">
      <UniqueIdentifier>{26f6faf1-77b1-44f5-81b3-339a81edacb8}</UniqueIdentifier>
    </Filter>
    <Filter Include="Updating">
      <UniqueIdentifier>{53ce98c3-c55c-40a4-9950-8e86e39a1615}</UniqueIdentifier>
    </Filter>
    <Filter Include="Projectiles">
      <UniqueIdentifier>{5539f935-b0ec-46c3-9ef8-ca643d12bd79}</UniqueIdentifier>
    </Filter>
    <Filter Include="Interfaces">
      <UniqueIdentifier>{094e531c-1007-4fcc-9f94-9681319689a1}</UniqueIdentifier>
    </Filter>
    <Filter Include="Components">
      <UniqueIdentifier>{8a2983ce-e8a4-4a2c-823a-b371afc48388}</UniqueIdentifier>
    </Filter>
    <Filter Include="Math">
      <UniqueIdentifier>{41cf4e31-443e-4079-804b-8c03abb47432}</UniqueIdentifier>
    </Filter>
    <Filter Include="Algorithms">
      <UniqueIdentifier>{f2ef26c0-b21c-44fd-adae-3d1955c36216}</UniqueIdentifier>
    </Filter>
    <Filter Include="UI">
      <UniqueIdentifier>{0bb0ab6f-2d1b-4e9c-8f95-70ca771625bc}</UniqueIdentifier>
    </Filter>
    <Filter Include="Player">
      <UniqueIdentifier>{843b6276-2309-40fb-af5c-91dfa039b1bb}</UniqueIdentifier>
    </Filter>
    <Filter Include="Spawner">
      <UniqueIdentifier>{8533f5fa-a56b-498e-a16b-d3d979f724e0}</UniqueIdentifier>
    </Filter>
    <Filter Include="Enemy">
      <UniqueIdentifier>{e1378c86-2ab1-4af7-aa88-dc8f7e2301cd}</UniqueIdentifier>
    </Filter>
    <Filter Include="Tilemap">
      <UniqueIdentifier>{7ec9d464-a7f3-49b3-840d-19c386c938a3}</UniqueIdentifier>
    </Filter>
  </ItemGroup>
  <ItemGroup>
    <Text Include="_readme.txt">
      <Filter>template code</Filter>
    </Text>
  </ItemGroup>
</Project>