<?xml version="1.0" encoding="utf-8"?>
<Project ToolsVersion="4.0" xmlns="http://schemas.microsoft.com/developer/msbuild/2003">
  <ItemGroup>
    <ClCompile Include="game.cpp" />
    <ClCompile Include="surface.cpp">
      <Filter>template code</Filter>
    </ClCompile>
    <ClCompile Include="template.cpp">
      <Filter>template code</Filter>
    </ClCompile>
    <ClCompile Include="Entity.cpp" />
    <ClCompile Include="Being.cpp" />
    <ClCompile Include="Player.cpp" />
    <ClCompile Include="MathFunctions.cpp" />
    <ClCompile Include="MoveablePlayer.cpp" />
    <ClCompile Include="Collider.cpp" />
    <ClCompile Include="Spawner.cpp" />
    <ClCompile Include="Projectile.cpp" />
    <ClCompile Include="Moveable.cpp" />
    <ClCompile Include="MoveToADirection.cpp" />
    <ClCompile Include="Timer.cpp" />
    <ClCompile Include="Callable.cpp" />
  </ItemGroup>
  <ItemGroup>
    <ClInclude Include="game.h" />
    <ClInclude Include="surface.h">
      <Filter>template code</Filter>
    </ClInclude>
    <ClInclude Include="template.h">
      <Filter>template code</Filter>
    </ClInclude>
    <ClInclude Include="MathFunctions.h" />
    <ClInclude Include="Entity.h" />
    <ClInclude Include="Being.h" />
    <ClInclude Include="Projectile.h" />
    <ClInclude Include="Player.h" />
    <ClInclude Include="Updateable.h" />
    <ClInclude Include="MoveablePlayer.h" />
    <ClInclude Include="Renderable.h" />
    <ClInclude Include="Collider.h" />
    <ClInclude Include="Spawner.h" />
    <ClInclude Include="RotationVar.h" />
    <ClInclude Include="Moveable.h" />
    <ClInclude Include="MoveToADirection.h" />
    <ClInclude Include="Timer.h" />
    <ClInclude Include="Callable.h" />
  </ItemGroup>
  <ItemGroup>
    <Filter Include="template code">
      <UniqueIdentifier>{bf32dd6e-4be7-4889-8ac6-49e7ee163c40}</UniqueIdentifier>
    </Filter>
  </ItemGroup>
  <ItemGroup>
    <Text Include="_readme.txt">
      <Filter>template code</Filter>
    </Text>
  </ItemGroup>
</Project>